
Microsoft Visual Studio Solution File, Format Version 12.00
# Visual Studio Version 16
VisualStudioVersion = 16.0.30711.63
MinimumVisualStudioVersion = 10.0.40219.1
Project("{9A19103F-16F7-4668-BE54-9A1E7A4F7556}") = "Day1", "Day1\Day1.csproj", "{4B695703-56B5-4B2C-AB10-4021F4A037F9}"
EndProject
Project("{9A19103F-16F7-4668-BE54-9A1E7A4F7556}") = "Utilities", "Utilities\Utilities.csproj", "{0BC91106-67BB-437D-BE58-A0D23639C3F5}"
EndProject
Project("{2150E333-8FDC-42A3-9474-1A3956D46DE8}") = "Solution Items", "Solution Items", "{732BF972-6358-47D2-BCCC-C652810CF4F8}"
	ProjectSection(SolutionItems) = preProject
		.gitignore = .gitignore
		LICENSE = LICENSE
		README.md = README.md
	EndProjectSection
EndProject
Project("{9A19103F-16F7-4668-BE54-9A1E7A4F7556}") = "Day2", "Day2\Day2.csproj", "{CA085C85-A301-4D52-ACF3-EE67C846E343}"
EndProject
Project("{9A19103F-16F7-4668-BE54-9A1E7A4F7556}") = "Day3", "Day3\Day3.csproj", "{E1196654-57C0-41F7-83F6-6FED5856C1C4}"
EndProject
Project("{9A19103F-16F7-4668-BE54-9A1E7A4F7556}") = "Day4", "Day4\Day4.csproj", "{494BD958-B968-4EAB-B4B5-5BF3C12A58AF}"
EndProject
Project("{9A19103F-16F7-4668-BE54-9A1E7A4F7556}") = "Day5", "Day5\Day5.csproj", "{3780DFEE-FBFD-4AC8-84BB-0AA5B6047505}"
EndProject
Project("{9A19103F-16F7-4668-BE54-9A1E7A4F7556}") = "Day6", "Day6\Day6.csproj", "{67F2A265-458B-4F78-909C-E334732BBB27}"
EndProject
Project("{9A19103F-16F7-4668-BE54-9A1E7A4F7556}") = "Day7", "Day7\Day7.csproj", "{126F264F-8345-4662-86FD-C9E551DA4E56}"
EndProject
Project("{9A19103F-16F7-4668-BE54-9A1E7A4F7556}") = "Day8", "Day8\Day8.csproj", "{119D9A87-447A-474F-8912-EB0F8E1E0506}"
EndProject
Project("{9A19103F-16F7-4668-BE54-9A1E7A4F7556}") = "Day9", "Day9\Day9.csproj", "{096A2BA2-8598-4B7A-AA2F-B98FEC7A5E37}"
EndProject
Project("{9A19103F-16F7-4668-BE54-9A1E7A4F7556}") = "Day10", "Day10\Day10.csproj", "{AF15C521-A228-4159-891B-47712A5039D1}"
EndProject
Project("{9A19103F-16F7-4668-BE54-9A1E7A4F7556}") = "Day11", "Day11\Day11.csproj", "{CB7C2AAC-5DEC-4078-8038-54E2C198AEC1}"
EndProject
Project("{9A19103F-16F7-4668-BE54-9A1E7A4F7556}") = "Day12", "Day12\Day12.csproj", "{F963A508-F67C-4FF8-ABA2-55835CA70B12}"
EndProject
Project("{9A19103F-16F7-4668-BE54-9A1E7A4F7556}") = "Day13", "Day13\Day13.csproj", "{D6D4D651-9E9C-4738-A443-21838C83DBF5}"
EndProject
Project("{9A19103F-16F7-4668-BE54-9A1E7A4F7556}") = "Day14", "Day14\Day14.csproj", "{782CE93D-80AD-4A88-A55D-4164DDBB36B5}"
EndProject
Project("{9A19103F-16F7-4668-BE54-9A1E7A4F7556}") = "Day15", "Day15\Day15.csproj", "{5F7EB8EE-48BF-43F3-896F-67C6A84C0144}"
EndProject
Project("{FAE04EC0-301F-11D3-BF4B-00C04F79EFBC}") = "Day16", "Day16\Day16.csproj", "{E7DE2C56-3FD8-41E6-A6FA-8D193E0223C3}"
EndProject
Global
	GlobalSection(SolutionConfigurationPlatforms) = preSolution
		Debug|Any CPU = Debug|Any CPU
		Release|Any CPU = Release|Any CPU
	EndGlobalSection
	GlobalSection(ProjectConfigurationPlatforms) = postSolution
		{4B695703-56B5-4B2C-AB10-4021F4A037F9}.Debug|Any CPU.ActiveCfg = Debug|Any CPU
		{4B695703-56B5-4B2C-AB10-4021F4A037F9}.Debug|Any CPU.Build.0 = Debug|Any CPU
		{4B695703-56B5-4B2C-AB10-4021F4A037F9}.Release|Any CPU.ActiveCfg = Release|Any CPU
		{4B695703-56B5-4B2C-AB10-4021F4A037F9}.Release|Any CPU.Build.0 = Release|Any CPU
		{0BC91106-67BB-437D-BE58-A0D23639C3F5}.Debug|Any CPU.ActiveCfg = Debug|Any CPU
		{0BC91106-67BB-437D-BE58-A0D23639C3F5}.Debug|Any CPU.Build.0 = Debug|Any CPU
		{0BC91106-67BB-437D-BE58-A0D23639C3F5}.Release|Any CPU.ActiveCfg = Release|Any CPU
		{0BC91106-67BB-437D-BE58-A0D23639C3F5}.Release|Any CPU.Build.0 = Release|Any CPU
		{CA085C85-A301-4D52-ACF3-EE67C846E343}.Debug|Any CPU.ActiveCfg = Debug|Any CPU
		{CA085C85-A301-4D52-ACF3-EE67C846E343}.Debug|Any CPU.Build.0 = Debug|Any CPU
		{CA085C85-A301-4D52-ACF3-EE67C846E343}.Release|Any CPU.ActiveCfg = Release|Any CPU
		{CA085C85-A301-4D52-ACF3-EE67C846E343}.Release|Any CPU.Build.0 = Release|Any CPU
		{E1196654-57C0-41F7-83F6-6FED5856C1C4}.Debug|Any CPU.ActiveCfg = Debug|Any CPU
		{E1196654-57C0-41F7-83F6-6FED5856C1C4}.Debug|Any CPU.Build.0 = Debug|Any CPU
		{E1196654-57C0-41F7-83F6-6FED5856C1C4}.Release|Any CPU.ActiveCfg = Release|Any CPU
		{E1196654-57C0-41F7-83F6-6FED5856C1C4}.Release|Any CPU.Build.0 = Release|Any CPU
		{494BD958-B968-4EAB-B4B5-5BF3C12A58AF}.Debug|Any CPU.ActiveCfg = Debug|Any CPU
		{494BD958-B968-4EAB-B4B5-5BF3C12A58AF}.Debug|Any CPU.Build.0 = Debug|Any CPU
		{494BD958-B968-4EAB-B4B5-5BF3C12A58AF}.Release|Any CPU.ActiveCfg = Release|Any CPU
		{494BD958-B968-4EAB-B4B5-5BF3C12A58AF}.Release|Any CPU.Build.0 = Release|Any CPU
		{3780DFEE-FBFD-4AC8-84BB-0AA5B6047505}.Debug|Any CPU.ActiveCfg = Debug|Any CPU
		{3780DFEE-FBFD-4AC8-84BB-0AA5B6047505}.Debug|Any CPU.Build.0 = Debug|Any CPU
		{3780DFEE-FBFD-4AC8-84BB-0AA5B6047505}.Release|Any CPU.ActiveCfg = Release|Any CPU
		{3780DFEE-FBFD-4AC8-84BB-0AA5B6047505}.Release|Any CPU.Build.0 = Release|Any CPU
		{67F2A265-458B-4F78-909C-E334732BBB27}.Debug|Any CPU.ActiveCfg = Debug|Any CPU
		{67F2A265-458B-4F78-909C-E334732BBB27}.Debug|Any CPU.Build.0 = Debug|Any CPU
		{67F2A265-458B-4F78-909C-E334732BBB27}.Release|Any CPU.ActiveCfg = Release|Any CPU
		{67F2A265-458B-4F78-909C-E334732BBB27}.Release|Any CPU.Build.0 = Release|Any CPU
		{126F264F-8345-4662-86FD-C9E551DA4E56}.Debug|Any CPU.ActiveCfg = Debug|Any CPU
		{126F264F-8345-4662-86FD-C9E551DA4E56}.Debug|Any CPU.Build.0 = Debug|Any CPU
		{126F264F-8345-4662-86FD-C9E551DA4E56}.Release|Any CPU.ActiveCfg = Release|Any CPU
		{126F264F-8345-4662-86FD-C9E551DA4E56}.Release|Any CPU.Build.0 = Release|Any CPU
		{119D9A87-447A-474F-8912-EB0F8E1E0506}.Debug|Any CPU.ActiveCfg = Debug|Any CPU
		{119D9A87-447A-474F-8912-EB0F8E1E0506}.Debug|Any CPU.Build.0 = Debug|Any CPU
		{119D9A87-447A-474F-8912-EB0F8E1E0506}.Release|Any CPU.ActiveCfg = Release|Any CPU
		{119D9A87-447A-474F-8912-EB0F8E1E0506}.Release|Any CPU.Build.0 = Release|Any CPU
		{096A2BA2-8598-4B7A-AA2F-B98FEC7A5E37}.Debug|Any CPU.ActiveCfg = Debug|Any CPU
		{096A2BA2-8598-4B7A-AA2F-B98FEC7A5E37}.Debug|Any CPU.Build.0 = Debug|Any CPU
		{096A2BA2-8598-4B7A-AA2F-B98FEC7A5E37}.Release|Any CPU.ActiveCfg = Release|Any CPU
		{096A2BA2-8598-4B7A-AA2F-B98FEC7A5E37}.Release|Any CPU.Build.0 = Release|Any CPU
		{AF15C521-A228-4159-891B-47712A5039D1}.Debug|Any CPU.ActiveCfg = Debug|Any CPU
		{AF15C521-A228-4159-891B-47712A5039D1}.Debug|Any CPU.Build.0 = Debug|Any CPU
		{AF15C521-A228-4159-891B-47712A5039D1}.Release|Any CPU.ActiveCfg = Release|Any CPU
		{AF15C521-A228-4159-891B-47712A5039D1}.Release|Any CPU.Build.0 = Release|Any CPU
		{CB7C2AAC-5DEC-4078-8038-54E2C198AEC1}.Debug|Any CPU.ActiveCfg = Debug|Any CPU
		{CB7C2AAC-5DEC-4078-8038-54E2C198AEC1}.Debug|Any CPU.Build.0 = Debug|Any CPU
		{CB7C2AAC-5DEC-4078-8038-54E2C198AEC1}.Release|Any CPU.ActiveCfg = Release|Any CPU
		{CB7C2AAC-5DEC-4078-8038-54E2C198AEC1}.Release|Any CPU.Build.0 = Release|Any CPU
		{F963A508-F67C-4FF8-ABA2-55835CA70B12}.Debug|Any CPU.ActiveCfg = Debug|Any CPU
		{F963A508-F67C-4FF8-ABA2-55835CA70B12}.Debug|Any CPU.Build.0 = Debug|Any CPU
		{F963A508-F67C-4FF8-ABA2-55835CA70B12}.Release|Any CPU.ActiveCfg = Release|Any CPU
		{F963A508-F67C-4FF8-ABA2-55835CA70B12}.Release|Any CPU.Build.0 = Release|Any CPU
		{D6D4D651-9E9C-4738-A443-21838C83DBF5}.Debug|Any CPU.ActiveCfg = Debug|Any CPU
		{D6D4D651-9E9C-4738-A443-21838C83DBF5}.Debug|Any CPU.Build.0 = Debug|Any CPU
		{D6D4D651-9E9C-4738-A443-21838C83DBF5}.Release|Any CPU.ActiveCfg = Release|Any CPU
		{D6D4D651-9E9C-4738-A443-21838C83DBF5}.Release|Any CPU.Build.0 = Release|Any CPU
		{782CE93D-80AD-4A88-A55D-4164DDBB36B5}.Debug|Any CPU.ActiveCfg = Debug|Any CPU
		{782CE93D-80AD-4A88-A55D-4164DDBB36B5}.Debug|Any CPU.Build.0 = Debug|Any CPU
		{782CE93D-80AD-4A88-A55D-4164DDBB36B5}.Release|Any CPU.ActiveCfg = Release|Any CPU
		{782CE93D-80AD-4A88-A55D-4164DDBB36B5}.Release|Any CPU.Build.0 = Release|Any CPU
		{5F7EB8EE-48BF-43F3-896F-67C6A84C0144}.Debug|Any CPU.ActiveCfg = Debug|Any CPU
		{5F7EB8EE-48BF-43F3-896F-67C6A84C0144}.Debug|Any CPU.Build.0 = Debug|Any CPU
		{5F7EB8EE-48BF-43F3-896F-67C6A84C0144}.Release|Any CPU.ActiveCfg = Release|Any CPU
		{5F7EB8EE-48BF-43F3-896F-67C6A84C0144}.Release|Any CPU.Build.0 = Release|Any CPU
		{E7DE2C56-3FD8-41E6-A6FA-8D193E0223C3}.Debug|Any CPU.ActiveCfg = Debug|Any CPU
		{E7DE2C56-3FD8-41E6-A6FA-8D193E0223C3}.Debug|Any CPU.Build.0 = Debug|Any CPU
		{E7DE2C56-3FD8-41E6-A6FA-8D193E0223C3}.Release|Any CPU.ActiveCfg = Release|Any CPU
		{E7DE2C56-3FD8-41E6-A6FA-8D193E0223C3}.Release|Any CPU.Build.0 = Release|Any CPU
	EndGlobalSection
	GlobalSection(SolutionProperties) = preSolution
		HideSolutionNode = FALSE
	EndGlobalSection
	GlobalSection(ExtensibilityGlobals) = postSolution
		SolutionGuid = {4B3DF5DE-4E00-4993-87AC-792BEC3BC881}
	EndGlobalSection
EndGlobal
