
Microsoft Visual Studio Solution File, Format Version 12.00
# Visual Studio Version 16
VisualStudioVersion = 16.0.30711.63
MinimumVisualStudioVersion = 10.0.40219.1
Project("{9A19103F-16F7-4668-BE54-9A1E7A4F7556}") = "Day1", "Day1\Day1.csproj", "{4B695703-56B5-4B2C-AB10-4021F4A037F9}"
EndProject
Project("{9A19103F-16F7-4668-BE54-9A1E7A4F7556}") = "Utilities", "Utilities\Utilities.csproj", "{0BC91106-67BB-437D-BE58-A0D23639C3F5}"
EndProject
Project("{2150E333-8FDC-42A3-9474-1A3956D46DE8}") = "Solution Items", "Solution Items", "{732BF972-6358-47D2-BCCC-C652810CF4F8}"
	ProjectSection(SolutionItems) = preProject
		.gitignore = .gitignore
		LICENSE = LICENSE
		README.md = README.md
	EndProjectSection
EndProject
Project("{9A19103F-16F7-4668-BE54-9A1E7A4F7556}") = "Day2", "Day2\Day2.csproj", "{CA085C85-A301-4D52-ACF3-EE67C846E343}"
EndProject
Project("{9A19103F-16F7-4668-BE54-9A1E7A4F7556}") = "Day3", "Day3\Day3.csproj", "{E1196654-57C0-41F7-83F6-6FED5856C1C4}"
EndProject
Project("{9A19103F-16F7-4668-BE54-9A1E7A4F7556}") = "Day4", "Day4\Day4.csproj", "{494BD958-B968-4EAB-B4B5-5BF3C12A58AF}"
EndProject
Project("{FAE04EC0-301F-11D3-BF4B-00C04F79EFBC}") = "Day5", "Day5\Day5.csproj", "{3780DFEE-FBFD-4AC8-84BB-0AA5B6047505}"
EndProject
Global
	GlobalSection(SolutionConfigurationPlatforms) = preSolution
		Debug|Any CPU = Debug|Any CPU
		Release|Any CPU = Release|Any CPU
	EndGlobalSection
	GlobalSection(ProjectConfigurationPlatforms) = postSolution
		{4B695703-56B5-4B2C-AB10-4021F4A037F9}.Debug|Any CPU.ActiveCfg = Debug|Any CPU
		{4B695703-56B5-4B2C-AB10-4021F4A037F9}.Debug|Any CPU.Build.0 = Debug|Any CPU
		{4B695703-56B5-4B2C-AB10-4021F4A037F9}.Release|Any CPU.ActiveCfg = Release|Any CPU
		{4B695703-56B5-4B2C-AB10-4021F4A037F9}.Release|Any CPU.Build.0 = Release|Any CPU
		{0BC91106-67BB-437D-BE58-A0D23639C3F5}.Debug|Any CPU.ActiveCfg = Debug|Any CPU
		{0BC91106-67BB-437D-BE58-A0D23639C3F5}.Debug|Any CPU.Build.0 = Debug|Any CPU
		{0BC91106-67BB-437D-BE58-A0D23639C3F5}.Release|Any CPU.ActiveCfg = Release|Any CPU
		{0BC91106-67BB-437D-BE58-A0D23639C3F5}.Release|Any CPU.Build.0 = Release|Any CPU
		{CA085C85-A301-4D52-ACF3-EE67C846E343}.Debug|Any CPU.ActiveCfg = Debug|Any CPU
		{CA085C85-A301-4D52-ACF3-EE67C846E343}.Debug|Any CPU.Build.0 = Debug|Any CPU
		{CA085C85-A301-4D52-ACF3-EE67C846E343}.Release|Any CPU.ActiveCfg = Release|Any CPU
		{CA085C85-A301-4D52-ACF3-EE67C846E343}.Release|Any CPU.Build.0 = Release|Any CPU
		{E1196654-57C0-41F7-83F6-6FED5856C1C4}.Debug|Any CPU.ActiveCfg = Debug|Any CPU
		{E1196654-57C0-41F7-83F6-6FED5856C1C4}.Debug|Any CPU.Build.0 = Debug|Any CPU
		{E1196654-57C0-41F7-83F6-6FED5856C1C4}.Release|Any CPU.ActiveCfg = Release|Any CPU
		{E1196654-57C0-41F7-83F6-6FED5856C1C4}.Release|Any CPU.Build.0 = Release|Any CPU
		{494BD958-B968-4EAB-B4B5-5BF3C12A58AF}.Debug|Any CPU.ActiveCfg = Debug|Any CPU
		{494BD958-B968-4EAB-B4B5-5BF3C12A58AF}.Debug|Any CPU.Build.0 = Debug|Any CPU
		{494BD958-B968-4EAB-B4B5-5BF3C12A58AF}.Release|Any CPU.ActiveCfg = Release|Any CPU
		{494BD958-B968-4EAB-B4B5-5BF3C12A58AF}.Release|Any CPU.Build.0 = Release|Any CPU
		{3780DFEE-FBFD-4AC8-84BB-0AA5B6047505}.Debug|Any CPU.ActiveCfg = Debug|Any CPU
		{3780DFEE-FBFD-4AC8-84BB-0AA5B6047505}.Debug|Any CPU.Build.0 = Debug|Any CPU
		{3780DFEE-FBFD-4AC8-84BB-0AA5B6047505}.Release|Any CPU.ActiveCfg = Release|Any CPU
		{3780DFEE-FBFD-4AC8-84BB-0AA5B6047505}.Release|Any CPU.Build.0 = Release|Any CPU
	EndGlobalSection
	GlobalSection(SolutionProperties) = preSolution
		HideSolutionNode = FALSE
	EndGlobalSection
	GlobalSection(ExtensibilityGlobals) = postSolution
		SolutionGuid = {4B3DF5DE-4E00-4993-87AC-792BEC3BC881}
	EndGlobalSection
EndGlobal
